
Microsoft Visual Studio Solution File, Format Version 12.00
# Visual Studio Version 18
VisualStudioVersion = 18.6.11806.211 stable
MinimumVisualStudioVersion = 10.0.40219.1
Project("{FAE04EC0-301F-11D3-BF4B-00C04F79EFBC}") = "DrawingListUC", "DrawingListUC\DrawingListUC.csproj", "{26255202-2F69-4247-B7D4-17F51D61637C}"
EndProject
Project("{FAE04EC0-301F-11D3-BF4B-00C04F79EFBC}") = "BatchProcessApp", "BatchProcessApp\BatchProcessApp.csproj", "{5DED7800-5F14-4EF6-96AA-17C2599F0398}"
EndProject
Global
	GlobalSection(SolutionConfigurationPlatforms) = preSolution
		Debug|Any CPU = Debug|Any CPU
		Release|Any CPU = Release|Any CPU
	EndGlobalSection
	GlobalSection(ProjectConfigurationPlatforms) = postSolution
		{26255202-2F69-4247-B7D4-17F51D61637C}.Debug|Any CPU.ActiveCfg = Debug|Any CPU
		{26255202-2F69-4247-B7D4-17F51D61637C}.Debug|Any CPU.Build.0 = Debug|Any CPU
		{26255202-2F69-4247-B7D4-17F51D61637C}.Release|Any CPU.ActiveCfg = Release|Any CPU
		{26255202-2F69-4247-B7D4-17F51D61637C}.Release|Any CPU.Build.0 = Release|Any CPU
		{5DED7800-5F14-4EF6-96AA-17C2599F0398}.Debug|Any CPU.ActiveCfg = Debug|Any CPU
		{5DED7800-5F14-4EF6-96AA-17C2599F0398}.Debug|Any CPU.Build.0 = Debug|Any CPU
		{5DED7800-5F14-4EF6-96AA-17C2599F0398}.Release|Any CPU.ActiveCfg = Release|Any CPU
		{5DED7800-5F14-4EF6-96AA-17C2599F0398}.Release|Any CPU.Build.0 = Release|Any CPU
	EndGlobalSection
	GlobalSection(SolutionProperties) = preSolution
		HideSolutionNode = FALSE
	EndGlobalSection
	GlobalSection(ExtensibilityGlobals) = postSolution
		SolutionGuid = {3F9C063E-67EB-432C-AAF2-42B0ADC5F2F0}
	EndGlobalSection
EndGlobal
